{
  "name": "stockx-scraper",
  "version": "1.5.2",
  "lockfileVersion": 2,
  "requires": true,
  "packages": {
    "": {
      "name": "stockx-scraper",
      "version": "1.4.0",
      "license": "MIT",
      "dependencies": {
        "algoliasearch": "^4.11.0",
        "axios": "^0.21.4",
        "cheerio": "^1.0.0-rc.10",
        "split-proxy": "^2.0.0",
        "user-agents": "^1.0.772"
      }
    },
    "node_modules/@algolia/cache-browser-local-storage": {
      "version": "4.11.0",
      "resolved": "https://registry.npmjs.org/@algolia/cache-browser-local-storage/-/cache-browser-local-storage-4.11.0.tgz",
      "integrity": "sha512-4sr9vHIG1fVA9dONagdzhsI/6M5mjs/qOe2xUP0yBmwsTsuwiZq3+Xu6D3dsxsuFetcJgC6ydQoCW8b7fDJHYQ==",
      "dependencies": {
        "@algolia/cache-common": "4.11.0"
      }
    },
    "node_modules/@algolia/cache-common": {
      "version": "4.11.0",
      "resolved": "https://registry.npmjs.org/@algolia/cache-common/-/cache-common-4.11.0.tgz",
      "integrity": "sha512-lODcJRuPXqf+6mp0h6bOxPMlbNoyn3VfjBVcQh70EDP0/xExZbkpecgHyyZK4kWg+evu+mmgvTK3GVHnet/xKw=="
    },
    "node_modules/@algolia/cache-in-memory": {
      "version": "4.11.0",
      "resolved": "https://registry.npmjs.org/@algolia/cache-in-memory/-/cache-in-memory-4.11.0.tgz",
      "integrity": "sha512-aBz+stMSTBOBaBEQ43zJXz2DnwS7fL6dR0e2myehAgtfAWlWwLDHruc/98VOy1ZAcBk1blE2LCU02bT5HekGxQ==",
      "dependencies": {
        "@algolia/cache-common": "4.11.0"
      }
    },
    "node_modules/@algolia/client-account": {
      "version": "4.11.0",
      "resolved": "https://registry.npmjs.org/@algolia/client-account/-/client-account-4.11.0.tgz",
      "integrity": "sha512-jwmFBoUSzoMwMqgD3PmzFJV/d19p1RJXB6C1ADz4ju4mU7rkaQLtqyZroQpheLoU5s5Tilmn/T8/0U2XLoJCRQ==",
      "dependencies": {
        "@algolia/client-common": "4.11.0",
        "@algolia/client-search": "4.11.0",
        "@algolia/transporter": "4.11.0"
      }
    },
    "node_modules/@algolia/client-analytics": {
      "version": "4.11.0",
      "resolved": "https://registry.npmjs.org/@algolia/client-analytics/-/client-analytics-4.11.0.tgz",
      "integrity": "sha512-v5U9585aeEdYml7JqggHAj3E5CQ+jPwGVztPVhakBk8H/cmLyPS2g8wvmIbaEZCHmWn4TqFj3EBHVYxAl36fSA==",
      "dependencies": {
        "@algolia/client-common": "4.11.0",
        "@algolia/client-search": "4.11.0",
        "@algolia/requester-common": "4.11.0",
        "@algolia/transporter": "4.11.0"
      }
    },
    "node_modules/@algolia/client-common": {
      "version": "4.11.0",
      "resolved": "https://registry.npmjs.org/@algolia/client-common/-/client-common-4.11.0.tgz",
      "integrity": "sha512-Qy+F+TZq12kc7tgfC+FM3RvYH/Ati7sUiUv/LkvlxFwNwNPwWGoZO81AzVSareXT/ksDDrabD4mHbdTbBPTRmQ==",
      "dependencies": {
        "@algolia/requester-common": "4.11.0",
        "@algolia/transporter": "4.11.0"
      }
    },
    "node_modules/@algolia/client-personalization": {
      "version": "4.11.0",
      "resolved": "https://registry.npmjs.org/@algolia/client-personalization/-/client-personalization-4.11.0.tgz",
      "integrity": "sha512-mI+X5IKiijHAzf9fy8VSl/GTT67dzFDnJ0QAM8D9cMPevnfX4U72HRln3Mjd0xEaYUOGve8TK/fMg7d3Z5yG6g==",
      "dependencies": {
        "@algolia/client-common": "4.11.0",
        "@algolia/requester-common": "4.11.0",
        "@algolia/transporter": "4.11.0"
      }
    },
    "node_modules/@algolia/client-search": {
      "version": "4.11.0",
      "resolved": "https://registry.npmjs.org/@algolia/client-search/-/client-search-4.11.0.tgz",
      "integrity": "sha512-iovPLc5YgiXBdw2qMhU65sINgo9umWbHFzInxoNErWnYoTQWfXsW6P54/NlKx5uscoLVjSf+5RUWwFu5BX+lpw==",
      "dependencies": {
        "@algolia/client-common": "4.11.0",
        "@algolia/requester-common": "4.11.0",
        "@algolia/transporter": "4.11.0"
      }
    },
    "node_modules/@algolia/logger-common": {
      "version": "4.11.0",
      "resolved": "https://registry.npmjs.org/@algolia/logger-common/-/logger-common-4.11.0.tgz",
      "integrity": "sha512-pRMJFeOY8hoWKIxWuGHIrqnEKN/kqKh7UilDffG/+PeEGxBuku+Wq5CfdTFG0C9ewUvn8mAJn5BhYA5k8y0Jqg=="
    },
    "node_modules/@algolia/logger-console": {
      "version": "4.11.0",
      "resolved": "https://registry.npmjs.org/@algolia/logger-console/-/logger-console-4.11.0.tgz",
      "integrity": "sha512-wXztMk0a3VbNmYP8Kpc+F7ekuvaqZmozM2eTLok0XIshpAeZ/NJDHDffXK2Pw+NF0wmHqurptLYwKoikjBYvhQ==",
      "dependencies": {
        "@algolia/logger-common": "4.11.0"
      }
    },
    "node_modules/@algolia/requester-browser-xhr": {
      "version": "4.11.0",
      "resolved": "https://registry.npmjs.org/@algolia/requester-browser-xhr/-/requester-browser-xhr-4.11.0.tgz",
      "integrity": "sha512-Fp3SfDihAAFR8bllg8P5ouWi3+qpEVN5e7hrtVIYldKBOuI/qFv80Zv/3/AMKNJQRYglS4zWyPuqrXm58nz6KA==",
      "dependencies": {
        "@algolia/requester-common": "4.11.0"
      }
    },
    "node_modules/@algolia/requester-common": {
      "version": "4.11.0",
      "resolved": "https://registry.npmjs.org/@algolia/requester-common/-/requester-common-4.11.0.tgz",
      "integrity": "sha512-+cZGe/9fuYgGuxjaBC+xTGBkK7OIYdfapxhfvEf03dviLMPmhmVYFJtJlzAjQ2YmGDJpHrGgAYj3i/fbs8yhiA=="
    },
    "node_modules/@algolia/requester-node-http": {
      "version": "4.11.0",
      "resolved": "https://registry.npmjs.org/@algolia/requester-node-http/-/requester-node-http-4.11.0.tgz",
      "integrity": "sha512-qJIk9SHRFkKDi6dMT9hba8X1J1z92T5AZIgl+tsApjTGIRQXJLTIm+0q4yOefokfu4CoxYwRZ9QAq+ouGwfeOg==",
      "dependencies": {
        "@algolia/requester-common": "4.11.0"
      }
    },
    "node_modules/@algolia/transporter": {
      "version": "4.11.0",
      "resolved": "https://registry.npmjs.org/@algolia/transporter/-/transporter-4.11.0.tgz",
      "integrity": "sha512-k4dyxiaEfYpw4UqybK9q7lrFzehygo6KV3OCYJMMdX0IMWV0m4DXdU27c1zYRYtthaFYaBzGF4Kjcl8p8vxCKw==",
      "dependencies": {
        "@algolia/cache-common": "4.11.0",
        "@algolia/logger-common": "4.11.0",
        "@algolia/requester-common": "4.11.0"
      }
    },
    "node_modules/algoliasearch": {
      "version": "4.11.0",
      "resolved": "https://registry.npmjs.org/algoliasearch/-/algoliasearch-4.11.0.tgz",
      "integrity": "sha512-IXRj8kAP2WrMmj+eoPqPc6P7Ncq1yZkFiyDrjTBObV1ADNL8Z/KdZ+dWC5MmYcBLAbcB/mMCpak5N/D1UIZvsA==",
      "dependencies": {
        "@algolia/cache-browser-local-storage": "4.11.0",
        "@algolia/cache-common": "4.11.0",
        "@algolia/cache-in-memory": "4.11.0",
        "@algolia/client-account": "4.11.0",
        "@algolia/client-analytics": "4.11.0",
        "@algolia/client-common": "4.11.0",
        "@algolia/client-personalization": "4.11.0",
        "@algolia/client-search": "4.11.0",
        "@algolia/logger-common": "4.11.0",
        "@algolia/logger-console": "4.11.0",
        "@algolia/requester-browser-xhr": "4.11.0",
        "@algolia/requester-common": "4.11.0",
        "@algolia/requester-node-http": "4.11.0",
        "@algolia/transporter": "4.11.0"
      }
    },
    "node_modules/axios": {
      "version": "0.21.4",
      "resolved": "https://registry.npmjs.org/axios/-/axios-0.21.4.tgz",
      "integrity": "sha512-ut5vewkiu8jjGBdqpM44XxjuCjq9LAKeHVmoVfHVzy8eHgxxq8SbAVQNovDA8mVi05kP0Ea/n/UzcSHcTJQfNg==",
      "dependencies": {
        "follow-redirects": "^1.14.0"
      }
    },
    "node_modules/boolbase": {
      "version": "1.0.0",
      "resolved": "https://registry.npmjs.org/boolbase/-/boolbase-1.0.0.tgz",
      "integrity": "sha1-aN/1++YMUes3cl6p4+0xDcwed24="
    },
    "node_modules/cheerio": {
      "version": "1.0.0-rc.10",
      "resolved": "https://registry.npmjs.org/cheerio/-/cheerio-1.0.0-rc.10.tgz",
      "integrity": "sha512-g0J0q/O6mW8z5zxQ3A8E8J1hUgp4SMOvEoW/x84OwyHKe/Zccz83PVT4y5Crcr530FV6NgmKI1qvGTKVl9XXVw==",
      "dependencies": {
        "cheerio-select": "^1.5.0",
        "dom-serializer": "^1.3.2",
        "domhandler": "^4.2.0",
        "htmlparser2": "^6.1.0",
        "parse5": "^6.0.1",
        "parse5-htmlparser2-tree-adapter": "^6.0.1",
        "tslib": "^2.2.0"
      },
      "engines": {
        "node": ">= 6"
      },
      "funding": {
        "url": "https://github.com/cheeriojs/cheerio?sponsor=1"
      }
    },
    "node_modules/cheerio-select": {
      "version": "1.5.0",
      "resolved": "https://registry.npmjs.org/cheerio-select/-/cheerio-select-1.5.0.tgz",
      "integrity": "sha512-qocaHPv5ypefh6YNxvnbABM07KMxExbtbfuJoIie3iZXX1ERwYmJcIiRrr9H05ucQP1k28dav8rpdDgjQd8drg==",
      "dependencies": {
        "css-select": "^4.1.3",
        "css-what": "^5.0.1",
        "domelementtype": "^2.2.0",
        "domhandler": "^4.2.0",
        "domutils": "^2.7.0"
      },
      "funding": {
        "url": "https://github.com/sponsors/fb55"
      }
    },
    "node_modules/css-select": {
      "version": "4.1.3",
      "resolved": "https://registry.npmjs.org/css-select/-/css-select-4.1.3.tgz",
      "integrity": "sha512-gT3wBNd9Nj49rAbmtFHj1cljIAOLYSX1nZ8CB7TBO3INYckygm5B7LISU/szY//YmdiSLbJvDLOx9VnMVpMBxA==",
      "dependencies": {
        "boolbase": "^1.0.0",
        "css-what": "^5.0.0",
        "domhandler": "^4.2.0",
        "domutils": "^2.6.0",
        "nth-check": "^2.0.0"
      },
      "funding": {
        "url": "https://github.com/sponsors/fb55"
      }
    },
    "node_modules/css-what": {
      "version": "5.1.0",
      "resolved": "https://registry.npmjs.org/css-what/-/css-what-5.1.0.tgz",
      "integrity": "sha512-arSMRWIIFY0hV8pIxZMEfmMI47Wj3R/aWpZDDxWYCPEiOMv6tfOrnpDtgxBYPEQD4V0Y/958+1TdC3iWTFcUPw==",
      "engines": {
        "node": ">= 6"
      },
      "funding": {
        "url": "https://github.com/sponsors/fb55"
      }
    },
    "node_modules/detect-indent": {
      "version": "6.0.0",
      "resolved": "https://registry.npmjs.org/detect-indent/-/detect-indent-6.0.0.tgz",
      "integrity": "sha512-oSyFlqaTHCItVRGK5RmrmjB+CmaMOW7IaNA/kdxqhoa6d17j/5ce9O9eWXmV/KEdRwqpQA+Vqe8a8Bsybu4YnA==",
      "engines": {
        "node": ">=8"
      }
    },
    "node_modules/docopt": {
      "version": "0.6.2",
      "resolved": "https://registry.npmjs.org/docopt/-/docopt-0.6.2.tgz",
      "integrity": "sha1-so6eIiDaXsSffqW7JKR3h0Be6xE=",
      "engines": {
        "node": ">=0.10.0"
      }
    },
    "node_modules/dom-serializer": {
      "version": "1.3.2",
      "resolved": "https://registry.npmjs.org/dom-serializer/-/dom-serializer-1.3.2.tgz",
      "integrity": "sha512-5c54Bk5Dw4qAxNOI1pFEizPSjVsx5+bpJKmL2kPn8JhBUq2q09tTCa3mjijun2NfK78NMouDYNMBkOrPZiS+ig==",
      "dependencies": {
        "domelementtype": "^2.0.1",
        "domhandler": "^4.2.0",
        "entities": "^2.0.0"
      },
      "funding": {
        "url": "https://github.com/cheeriojs/dom-serializer?sponsor=1"
      }
    },
    "node_modules/domelementtype": {
      "version": "2.2.0",
      "resolved": "https://registry.npmjs.org/domelementtype/-/domelementtype-2.2.0.tgz",
      "integrity": "sha512-DtBMo82pv1dFtUmHyr48beiuq792Sxohr+8Hm9zoxklYPfa6n0Z3Byjj2IV7bmr2IyqClnqEQhfgHJJ5QF0R5A==",
      "funding": [
        {
          "type": "github",
          "url": "https://github.com/sponsors/fb55"
        }
      ]
    },
    "node_modules/domhandler": {
      "version": "4.2.2",
      "resolved": "https://registry.npmjs.org/domhandler/-/domhandler-4.2.2.tgz",
      "integrity": "sha512-PzE9aBMsdZO8TK4BnuJwH0QT41wgMbRzuZrHUcpYncEjmQazq8QEaBWgLG7ZyC/DAZKEgglpIA6j4Qn/HmxS3w==",
      "dependencies": {
        "domelementtype": "^2.2.0"
      },
      "engines": {
        "node": ">= 4"
      },
      "funding": {
        "url": "https://github.com/fb55/domhandler?sponsor=1"
      }
    },
    "node_modules/domutils": {
      "version": "2.8.0",
      "resolved": "https://registry.npmjs.org/domutils/-/domutils-2.8.0.tgz",
      "integrity": "sha512-w96Cjofp72M5IIhpjgobBimYEfoPjx1Vx0BSX9P30WBdZW2WIKU0T1Bd0kz2eNZ9ikjKgHbEyKx8BB6H1L3h3A==",
      "dependencies": {
        "dom-serializer": "^1.0.1",
        "domelementtype": "^2.2.0",
        "domhandler": "^4.2.0"
      },
      "funding": {
        "url": "https://github.com/fb55/domutils?sponsor=1"
      }
    },
    "node_modules/dot-json": {
      "version": "1.2.2",
      "resolved": "https://registry.npmjs.org/dot-json/-/dot-json-1.2.2.tgz",
      "integrity": "sha512-AKL+GsO4wSEU4LU+fAk/PqN4nQ6PB1vT3HpMiZous9xCzK5S0kh4DzfUY0EfU67jsIXLlu0ty71659N9Nmg+Tw==",
      "dependencies": {
        "detect-indent": "~6.0.0",
        "docopt": "~0.6.2",
        "underscore-keypath": "~0.0.22"
      },
      "bin": {
        "dot-json": "bin/dot-json.js"
      }
    },
    "node_modules/entities": {
      "version": "2.2.0",
      "resolved": "https://registry.npmjs.org/entities/-/entities-2.2.0.tgz",
      "integrity": "sha512-p92if5Nz619I0w+akJrLZH0MX0Pb5DX39XOwQTtXSdQQOaYH03S1uIQp4mhOZtAXrxq4ViO67YTiLBo2638o9A==",
      "funding": {
        "url": "https://github.com/fb55/entities?sponsor=1"
      }
    },
    "node_modules/follow-redirects": {
      "version": "1.14.3",
      "resolved": "https://registry.npmjs.org/follow-redirects/-/follow-redirects-1.14.3.tgz",
      "integrity": "sha512-3MkHxknWMUtb23apkgz/83fDoe+y+qr0TdgacGIA7bew+QLBo3vdgEN2xEsuXNivpFy4CyDhBBZnNZOtalmenw==",
      "funding": [
        {
          "type": "individual",
          "url": "https://github.com/sponsors/RubenVerborgh"
        }
      ],
      "engines": {
        "node": ">=4.0"
      },
      "peerDependenciesMeta": {
        "debug": {
          "optional": true
        }
      }
    },
    "node_modules/htmlparser2": {
      "version": "6.1.0",
      "resolved": "https://registry.npmjs.org/htmlparser2/-/htmlparser2-6.1.0.tgz",
      "integrity": "sha512-gyyPk6rgonLFEDGoeRgQNaEUvdJ4ktTmmUh/h2t7s+M8oPpIPxgNACWa+6ESR57kXstwqPiCut0V8NRpcwgU7A==",
      "funding": [
        "https://github.com/fb55/htmlparser2?sponsor=1",
        {
          "type": "github",
          "url": "https://github.com/sponsors/fb55"
        }
      ],
      "dependencies": {
        "domelementtype": "^2.0.1",
        "domhandler": "^4.0.0",
        "domutils": "^2.5.2",
        "entities": "^2.0.0"
      }
    },
    "node_modules/lodash.clonedeep": {
      "version": "4.5.0",
      "resolved": "https://registry.npmjs.org/lodash.clonedeep/-/lodash.clonedeep-4.5.0.tgz",
      "integrity": "sha1-4j8/nE+Pvd6HJSnBBxhXoIblzO8="
    },
    "node_modules/nth-check": {
      "version": "2.0.1",
      "resolved": "https://registry.npmjs.org/nth-check/-/nth-check-2.0.1.tgz",
      "integrity": "sha512-it1vE95zF6dTT9lBsYbxvqh0Soy4SPowchj0UBGj/V6cTPnXXtQOPUbhZ6CmGzAD/rW22LQK6E96pcdJXk4A4w==",
      "dependencies": {
        "boolbase": "^1.0.0"
      },
      "funding": {
        "url": "https://github.com/fb55/nth-check?sponsor=1"
      }
    },
    "node_modules/parse5": {
      "version": "6.0.1",
      "resolved": "https://registry.npmjs.org/parse5/-/parse5-6.0.1.tgz",
      "integrity": "sha512-Ofn/CTFzRGTTxwpNEs9PP93gXShHcTq255nzRYSKe8AkVpZY7e1fpmTfOyoIvjP5HG7Z2ZM7VS9PPhQGW2pOpw=="
    },
    "node_modules/parse5-htmlparser2-tree-adapter": {
      "version": "6.0.1",
      "resolved": "https://registry.npmjs.org/parse5-htmlparser2-tree-adapter/-/parse5-htmlparser2-tree-adapter-6.0.1.tgz",
      "integrity": "sha512-qPuWvbLgvDGilKc5BoicRovlT4MtYT6JfJyBOMDsKoiT+GiuP5qyrPCnR9HcPECIJJmZh5jRndyNThnhhb/vlA==",
      "dependencies": {
        "parse5": "^6.0.1"
      }
    },
    "node_modules/split-proxy": {
      "version": "2.0.0",
      "resolved": "https://registry.npmjs.org/split-proxy/-/split-proxy-2.0.0.tgz",
      "integrity": "sha512-iPaHwg56IELR/DtWTJ9PC3Sd33T8Y4NARV6YfFkBbyV+YpiriI8wThQliQVN374kiqcYdHFTATp8KP8B27uktA==",
      "engines": {
        "node": ">=8"
      }
    },
    "node_modules/tslib": {
      "version": "2.3.1",
      "resolved": "https://registry.npmjs.org/tslib/-/tslib-2.3.1.tgz",
      "integrity": "sha512-77EbyPPpMz+FRFRuAFlWMtmgUWGe9UOG2Z25NqCwiIjRhOf5iKGuzSe5P2w1laq+FkRy4p+PCuVkJSGkzTEKVw=="
    },
    "node_modules/underscore": {
      "version": "1.13.1",
      "resolved": "https://registry.npmjs.org/underscore/-/underscore-1.13.1.tgz",
      "integrity": "sha512-hzSoAVtJF+3ZtiFX0VgfFPHEDRm7Y/QPjGyNo4TVdnDTdft3tr8hEkD25a1jC+TjTuE7tkHGKkhwCgs9dgBB2g=="
    },
    "node_modules/underscore-keypath": {
      "version": "0.0.22",
      "resolved": "https://registry.npmjs.org/underscore-keypath/-/underscore-keypath-0.0.22.tgz",
      "integrity": "sha1-SKUoOSu278QkvhyqVtpLX6zPJk0=",
      "dependencies": {
        "underscore": "*"
      }
    },
    "node_modules/user-agents": {
      "version": "1.0.772",
      "resolved": "https://registry.npmjs.org/user-agents/-/user-agents-1.0.772.tgz",
      "integrity": "sha512-kktcAAm40aTB+ucm9bd/5qP4kU0yD5Y2ha7hycn5k9Eo66pYdXCWvnuqlsXNO/tOfynEmBCYsx0HpZ3PPt08HQ==",
      "dependencies": {
        "dot-json": "^1.2.2",
        "lodash.clonedeep": "^4.5.0"
      }
    }
  },
  "dependencies": {
    "@algolia/cache-browser-local-storage": {
      "version": "4.11.0",
      "resolved": "https://registry.npmjs.org/@algolia/cache-browser-local-storage/-/cache-browser-local-storage-4.11.0.tgz",
      "integrity": "sha512-4sr9vHIG1fVA9dONagdzhsI/6M5mjs/qOe2xUP0yBmwsTsuwiZq3+Xu6D3dsxsuFetcJgC6ydQoCW8b7fDJHYQ==",
      "requires": {
        "@algolia/cache-common": "4.11.0"
      }
    },
    "@algolia/cache-common": {
      "version": "4.11.0",
      "resolved": "https://registry.npmjs.org/@algolia/cache-common/-/cache-common-4.11.0.tgz",
      "integrity": "sha512-lODcJRuPXqf+6mp0h6bOxPMlbNoyn3VfjBVcQh70EDP0/xExZbkpecgHyyZK4kWg+evu+mmgvTK3GVHnet/xKw=="
    },
    "@algolia/cache-in-memory": {
      "version": "4.11.0",
      "resolved": "https://registry.npmjs.org/@algolia/cache-in-memory/-/cache-in-memory-4.11.0.tgz",
      "integrity": "sha512-aBz+stMSTBOBaBEQ43zJXz2DnwS7fL6dR0e2myehAgtfAWlWwLDHruc/98VOy1ZAcBk1blE2LCU02bT5HekGxQ==",
      "requires": {
        "@algolia/cache-common": "4.11.0"
      }
    },
    "@algolia/client-account": {
      "version": "4.11.0",
      "resolved": "https://registry.npmjs.org/@algolia/client-account/-/client-account-4.11.0.tgz",
      "integrity": "sha512-jwmFBoUSzoMwMqgD3PmzFJV/d19p1RJXB6C1ADz4ju4mU7rkaQLtqyZroQpheLoU5s5Tilmn/T8/0U2XLoJCRQ==",
      "requires": {
        "@algolia/client-common": "4.11.0",
        "@algolia/client-search": "4.11.0",
        "@algolia/transporter": "4.11.0"
      }
    },
    "@algolia/client-analytics": {
      "version": "4.11.0",
      "resolved": "https://registry.npmjs.org/@algolia/client-analytics/-/client-analytics-4.11.0.tgz",
      "integrity": "sha512-v5U9585aeEdYml7JqggHAj3E5CQ+jPwGVztPVhakBk8H/cmLyPS2g8wvmIbaEZCHmWn4TqFj3EBHVYxAl36fSA==",
      "requires": {
        "@algolia/client-common": "4.11.0",
        "@algolia/client-search": "4.11.0",
        "@algolia/requester-common": "4.11.0",
        "@algolia/transporter": "4.11.0"
      }
    },
    "@algolia/client-common": {
      "version": "4.11.0",
      "resolved": "https://registry.npmjs.org/@algolia/client-common/-/client-common-4.11.0.tgz",
      "integrity": "sha512-Qy+F+TZq12kc7tgfC+FM3RvYH/Ati7sUiUv/LkvlxFwNwNPwWGoZO81AzVSareXT/ksDDrabD4mHbdTbBPTRmQ==",
      "requires": {
        "@algolia/requester-common": "4.11.0",
        "@algolia/transporter": "4.11.0"
      }
    },
    "@algolia/client-personalization": {
      "version": "4.11.0",
      "resolved": "https://registry.npmjs.org/@algolia/client-personalization/-/client-personalization-4.11.0.tgz",
      "integrity": "sha512-mI+X5IKiijHAzf9fy8VSl/GTT67dzFDnJ0QAM8D9cMPevnfX4U72HRln3Mjd0xEaYUOGve8TK/fMg7d3Z5yG6g==",
      "requires": {
        "@algolia/client-common": "4.11.0",
        "@algolia/requester-common": "4.11.0",
        "@algolia/transporter": "4.11.0"
      }
    },
    "@algolia/client-search": {
      "version": "4.11.0",
      "resolved": "https://registry.npmjs.org/@algolia/client-search/-/client-search-4.11.0.tgz",
      "integrity": "sha512-iovPLc5YgiXBdw2qMhU65sINgo9umWbHFzInxoNErWnYoTQWfXsW6P54/NlKx5uscoLVjSf+5RUWwFu5BX+lpw==",
      "requires": {
        "@algolia/client-common": "4.11.0",
        "@algolia/requester-common": "4.11.0",
        "@algolia/transporter": "4.11.0"
      }
    },
    "@algolia/logger-common": {
      "version": "4.11.0",
      "resolved": "https://registry.npmjs.org/@algolia/logger-common/-/logger-common-4.11.0.tgz",
      "integrity": "sha512-pRMJFeOY8hoWKIxWuGHIrqnEKN/kqKh7UilDffG/+PeEGxBuku+Wq5CfdTFG0C9ewUvn8mAJn5BhYA5k8y0Jqg=="
    },
    "@algolia/logger-console": {
      "version": "4.11.0",
      "resolved": "https://registry.npmjs.org/@algolia/logger-console/-/logger-console-4.11.0.tgz",
      "integrity": "sha512-wXztMk0a3VbNmYP8Kpc+F7ekuvaqZmozM2eTLok0XIshpAeZ/NJDHDffXK2Pw+NF0wmHqurptLYwKoikjBYvhQ==",
      "requires": {
        "@algolia/logger-common": "4.11.0"
      }
    },
    "@algolia/requester-browser-xhr": {
      "version": "4.11.0",
      "resolved": "https://registry.npmjs.org/@algolia/requester-browser-xhr/-/requester-browser-xhr-4.11.0.tgz",
      "integrity": "sha512-Fp3SfDihAAFR8bllg8P5ouWi3+qpEVN5e7hrtVIYldKBOuI/qFv80Zv/3/AMKNJQRYglS4zWyPuqrXm58nz6KA==",
      "requires": {
        "@algolia/requester-common": "4.11.0"
      }
    },
    "@algolia/requester-common": {
      "version": "4.11.0",
      "resolved": "https://registry.npmjs.org/@algolia/requester-common/-/requester-common-4.11.0.tgz",
      "integrity": "sha512-+cZGe/9fuYgGuxjaBC+xTGBkK7OIYdfapxhfvEf03dviLMPmhmVYFJtJlzAjQ2YmGDJpHrGgAYj3i/fbs8yhiA=="
    },
    "@algolia/requester-node-http": {
      "version": "4.11.0",
      "resolved": "https://registry.npmjs.org/@algolia/requester-node-http/-/requester-node-http-4.11.0.tgz",
      "integrity": "sha512-qJIk9SHRFkKDi6dMT9hba8X1J1z92T5AZIgl+tsApjTGIRQXJLTIm+0q4yOefokfu4CoxYwRZ9QAq+ouGwfeOg==",
      "requires": {
        "@algolia/requester-common": "4.11.0"
      }
    },
    "@algolia/transporter": {
      "version": "4.11.0",
      "resolved": "https://registry.npmjs.org/@algolia/transporter/-/transporter-4.11.0.tgz",
      "integrity": "sha512-k4dyxiaEfYpw4UqybK9q7lrFzehygo6KV3OCYJMMdX0IMWV0m4DXdU27c1zYRYtthaFYaBzGF4Kjcl8p8vxCKw==",
      "requires": {
        "@algolia/cache-common": "4.11.0",
        "@algolia/logger-common": "4.11.0",
        "@algolia/requester-common": "4.11.0"
      }
    },
    "algoliasearch": {
      "version": "4.11.0",
      "resolved": "https://registry.npmjs.org/algoliasearch/-/algoliasearch-4.11.0.tgz",
      "integrity": "sha512-IXRj8kAP2WrMmj+eoPqPc6P7Ncq1yZkFiyDrjTBObV1ADNL8Z/KdZ+dWC5MmYcBLAbcB/mMCpak5N/D1UIZvsA==",
      "requires": {
        "@algolia/cache-browser-local-storage": "4.11.0",
        "@algolia/cache-common": "4.11.0",
        "@algolia/cache-in-memory": "4.11.0",
        "@algolia/client-account": "4.11.0",
        "@algolia/client-analytics": "4.11.0",
        "@algolia/client-common": "4.11.0",
        "@algolia/client-personalization": "4.11.0",
        "@algolia/client-search": "4.11.0",
        "@algolia/logger-common": "4.11.0",
        "@algolia/logger-console": "4.11.0",
        "@algolia/requester-browser-xhr": "4.11.0",
        "@algolia/requester-common": "4.11.0",
        "@algolia/requester-node-http": "4.11.0",
        "@algolia/transporter": "4.11.0"
      }
    },
    "axios": {
      "version": "0.21.4",
      "resolved": "https://registry.npmjs.org/axios/-/axios-0.21.4.tgz",
      "integrity": "sha512-ut5vewkiu8jjGBdqpM44XxjuCjq9LAKeHVmoVfHVzy8eHgxxq8SbAVQNovDA8mVi05kP0Ea/n/UzcSHcTJQfNg==",
      "requires": {
        "follow-redirects": "^1.14.0"
      }
    },
    "boolbase": {
      "version": "1.0.0",
      "resolved": "https://registry.npmjs.org/boolbase/-/boolbase-1.0.0.tgz",
      "integrity": "sha1-aN/1++YMUes3cl6p4+0xDcwed24="
    },
    "cheerio": {
      "version": "1.0.0-rc.10",
      "resolved": "https://registry.npmjs.org/cheerio/-/cheerio-1.0.0-rc.10.tgz",
      "integrity": "sha512-g0J0q/O6mW8z5zxQ3A8E8J1hUgp4SMOvEoW/x84OwyHKe/Zccz83PVT4y5Crcr530FV6NgmKI1qvGTKVl9XXVw==",
      "requires": {
        "cheerio-select": "^1.5.0",
        "dom-serializer": "^1.3.2",
        "domhandler": "^4.2.0",
        "htmlparser2": "^6.1.0",
        "parse5": "^6.0.1",
        "parse5-htmlparser2-tree-adapter": "^6.0.1",
        "tslib": "^2.2.0"
      }
    },
    "cheerio-select": {
      "version": "1.5.0",
      "resolved": "https://registry.npmjs.org/cheerio-select/-/cheerio-select-1.5.0.tgz",
      "integrity": "sha512-qocaHPv5ypefh6YNxvnbABM07KMxExbtbfuJoIie3iZXX1ERwYmJcIiRrr9H05ucQP1k28dav8rpdDgjQd8drg==",
      "requires": {
        "css-select": "^4.1.3",
        "css-what": "^5.0.1",
        "domelementtype": "^2.2.0",
        "domhandler": "^4.2.0",
        "domutils": "^2.7.0"
      }
    },
    "css-select": {
      "version": "4.1.3",
      "resolved": "https://registry.npmjs.org/css-select/-/css-select-4.1.3.tgz",
      "integrity": "sha512-gT3wBNd9Nj49rAbmtFHj1cljIAOLYSX1nZ8CB7TBO3INYckygm5B7LISU/szY//YmdiSLbJvDLOx9VnMVpMBxA==",
      "requires": {
        "boolbase": "^1.0.0",
        "css-what": "^5.0.0",
        "domhandler": "^4.2.0",
        "domutils": "^2.6.0",
        "nth-check": "^2.0.0"
      }
    },
    "css-what": {
      "version": "5.1.0",
      "resolved": "https://registry.npmjs.org/css-what/-/css-what-5.1.0.tgz",
      "integrity": "sha512-arSMRWIIFY0hV8pIxZMEfmMI47Wj3R/aWpZDDxWYCPEiOMv6tfOrnpDtgxBYPEQD4V0Y/958+1TdC3iWTFcUPw=="
    },
    "detect-indent": {
      "version": "6.0.0",
      "resolved": "https://registry.npmjs.org/detect-indent/-/detect-indent-6.0.0.tgz",
      "integrity": "sha512-oSyFlqaTHCItVRGK5RmrmjB+CmaMOW7IaNA/kdxqhoa6d17j/5ce9O9eWXmV/KEdRwqpQA+Vqe8a8Bsybu4YnA=="
    },
    "docopt": {
      "version": "0.6.2",
      "resolved": "https://registry.npmjs.org/docopt/-/docopt-0.6.2.tgz",
      "integrity": "sha1-so6eIiDaXsSffqW7JKR3h0Be6xE="
    },
    "dom-serializer": {
      "version": "1.3.2",
      "resolved": "https://registry.npmjs.org/dom-serializer/-/dom-serializer-1.3.2.tgz",
      "integrity": "sha512-5c54Bk5Dw4qAxNOI1pFEizPSjVsx5+bpJKmL2kPn8JhBUq2q09tTCa3mjijun2NfK78NMouDYNMBkOrPZiS+ig==",
      "requires": {
        "domelementtype": "^2.0.1",
        "domhandler": "^4.2.0",
        "entities": "^2.0.0"
      }
    },
    "domelementtype": {
      "version": "2.2.0",
      "resolved": "https://registry.npmjs.org/domelementtype/-/domelementtype-2.2.0.tgz",
      "integrity": "sha512-DtBMo82pv1dFtUmHyr48beiuq792Sxohr+8Hm9zoxklYPfa6n0Z3Byjj2IV7bmr2IyqClnqEQhfgHJJ5QF0R5A=="
    },
    "domhandler": {
      "version": "4.2.2",
      "resolved": "https://registry.npmjs.org/domhandler/-/domhandler-4.2.2.tgz",
      "integrity": "sha512-PzE9aBMsdZO8TK4BnuJwH0QT41wgMbRzuZrHUcpYncEjmQazq8QEaBWgLG7ZyC/DAZKEgglpIA6j4Qn/HmxS3w==",
      "requires": {
        "domelementtype": "^2.2.0"
      }
    },
    "domutils": {
      "version": "2.8.0",
      "resolved": "https://registry.npmjs.org/domutils/-/domutils-2.8.0.tgz",
      "integrity": "sha512-w96Cjofp72M5IIhpjgobBimYEfoPjx1Vx0BSX9P30WBdZW2WIKU0T1Bd0kz2eNZ9ikjKgHbEyKx8BB6H1L3h3A==",
      "requires": {
        "dom-serializer": "^1.0.1",
        "domelementtype": "^2.2.0",
        "domhandler": "^4.2.0"
      }
    },
    "dot-json": {
      "version": "1.2.2",
      "resolved": "https://registry.npmjs.org/dot-json/-/dot-json-1.2.2.tgz",
      "integrity": "sha512-AKL+GsO4wSEU4LU+fAk/PqN4nQ6PB1vT3HpMiZous9xCzK5S0kh4DzfUY0EfU67jsIXLlu0ty71659N9Nmg+Tw==",
      "requires": {
        "detect-indent": "~6.0.0",
        "docopt": "~0.6.2",
        "underscore-keypath": "~0.0.22"
      }
    },
    "entities": {
      "version": "2.2.0",
      "resolved": "https://registry.npmjs.org/entities/-/entities-2.2.0.tgz",
      "integrity": "sha512-p92if5Nz619I0w+akJrLZH0MX0Pb5DX39XOwQTtXSdQQOaYH03S1uIQp4mhOZtAXrxq4ViO67YTiLBo2638o9A=="
    },
    "follow-redirects": {
      "version": "1.14.3",
      "resolved": "https://registry.npmjs.org/follow-redirects/-/follow-redirects-1.14.3.tgz",
      "integrity": "sha512-3MkHxknWMUtb23apkgz/83fDoe+y+qr0TdgacGIA7bew+QLBo3vdgEN2xEsuXNivpFy4CyDhBBZnNZOtalmenw=="
    },
    "htmlparser2": {
      "version": "6.1.0",
      "resolved": "https://registry.npmjs.org/htmlparser2/-/htmlparser2-6.1.0.tgz",
      "integrity": "sha512-gyyPk6rgonLFEDGoeRgQNaEUvdJ4ktTmmUh/h2t7s+M8oPpIPxgNACWa+6ESR57kXstwqPiCut0V8NRpcwgU7A==",
      "requires": {
        "domelementtype": "^2.0.1",
        "domhandler": "^4.0.0",
        "domutils": "^2.5.2",
        "entities": "^2.0.0"
      }
    },
    "lodash.clonedeep": {
      "version": "4.5.0",
      "resolved": "https://registry.npmjs.org/lodash.clonedeep/-/lodash.clonedeep-4.5.0.tgz",
      "integrity": "sha1-4j8/nE+Pvd6HJSnBBxhXoIblzO8="
    },
    "nth-check": {
      "version": "2.0.1",
      "resolved": "https://registry.npmjs.org/nth-check/-/nth-check-2.0.1.tgz",
      "integrity": "sha512-it1vE95zF6dTT9lBsYbxvqh0Soy4SPowchj0UBGj/V6cTPnXXtQOPUbhZ6CmGzAD/rW22LQK6E96pcdJXk4A4w==",
      "requires": {
        "boolbase": "^1.0.0"
      }
    },
    "parse5": {
      "version": "6.0.1",
      "resolved": "https://registry.npmjs.org/parse5/-/parse5-6.0.1.tgz",
      "integrity": "sha512-Ofn/CTFzRGTTxwpNEs9PP93gXShHcTq255nzRYSKe8AkVpZY7e1fpmTfOyoIvjP5HG7Z2ZM7VS9PPhQGW2pOpw=="
    },
    "parse5-htmlparser2-tree-adapter": {
      "version": "6.0.1",
      "resolved": "https://registry.npmjs.org/parse5-htmlparser2-tree-adapter/-/parse5-htmlparser2-tree-adapter-6.0.1.tgz",
      "integrity": "sha512-qPuWvbLgvDGilKc5BoicRovlT4MtYT6JfJyBOMDsKoiT+GiuP5qyrPCnR9HcPECIJJmZh5jRndyNThnhhb/vlA==",
      "requires": {
        "parse5": "^6.0.1"
      }
    },
    "split-proxy": {
      "version": "2.0.0",
      "resolved": "https://registry.npmjs.org/split-proxy/-/split-proxy-2.0.0.tgz",
      "integrity": "sha512-iPaHwg56IELR/DtWTJ9PC3Sd33T8Y4NARV6YfFkBbyV+YpiriI8wThQliQVN374kiqcYdHFTATp8KP8B27uktA=="
    },
    "tslib": {
      "version": "2.3.1",
      "resolved": "https://registry.npmjs.org/tslib/-/tslib-2.3.1.tgz",
      "integrity": "sha512-77EbyPPpMz+FRFRuAFlWMtmgUWGe9UOG2Z25NqCwiIjRhOf5iKGuzSe5P2w1laq+FkRy4p+PCuVkJSGkzTEKVw=="
    },
    "underscore": {
      "version": "1.13.1",
      "resolved": "https://registry.npmjs.org/underscore/-/underscore-1.13.1.tgz",
      "integrity": "sha512-hzSoAVtJF+3ZtiFX0VgfFPHEDRm7Y/QPjGyNo4TVdnDTdft3tr8hEkD25a1jC+TjTuE7tkHGKkhwCgs9dgBB2g=="
    },
    "underscore-keypath": {
      "version": "0.0.22",
      "resolved": "https://registry.npmjs.org/underscore-keypath/-/underscore-keypath-0.0.22.tgz",
      "integrity": "sha1-SKUoOSu278QkvhyqVtpLX6zPJk0=",
      "requires": {
        "underscore": "*"
      }
    },
    "user-agents": {
      "version": "1.0.772",
      "resolved": "https://registry.npmjs.org/user-agents/-/user-agents-1.0.772.tgz",
      "integrity": "sha512-kktcAAm40aTB+ucm9bd/5qP4kU0yD5Y2ha7hycn5k9Eo66pYdXCWvnuqlsXNO/tOfynEmBCYsx0HpZ3PPt08HQ==",
      "requires": {
        "dot-json": "^1.2.2",
        "lodash.clonedeep": "^4.5.0"
      }
    }
  }
}
